
Microsoft Visual Studio Solution File, Format Version 12.00
# Visual Studio Version 17
VisualStudioVersion = 17.10.35013.160
MinimumVisualStudioVersion = 10.0.40219.1
Project("{9A19103F-16F7-4668-BE54-9A1E7A4F7556}") = "basic-refactoring-branas", "basic-refactoring-branas\basic-refactoring-branas.csproj", "{9FC69452-5DD8-45CE-B858-804F467F21F7}"
EndProject
Project("{FAE04EC0-301F-11D3-BF4B-00C04F79EFBC}") = "basic-refactoring-branas.test", "basic-refactoring-branas.test\basic-refactoring-branas.test.csproj", "{A5669CF1-E3B4-45E5-9C59-8BA97BFAD144}"
EndProject
Global
	GlobalSection(SolutionConfigurationPlatforms) = preSolution
		Debug|Any CPU = Debug|Any CPU
		Release|Any CPU = Release|Any CPU
	EndGlobalSection
	GlobalSection(ProjectConfigurationPlatforms) = postSolution
		{9FC69452-5DD8-45CE-B858-804F467F21F7}.Debug|Any CPU.ActiveCfg = Debug|Any CPU
		{9FC69452-5DD8-45CE-B858-804F467F21F7}.Debug|Any CPU.Build.0 = Debug|Any CPU
		{9FC69452-5DD8-45CE-B858-804F467F21F7}.Release|Any CPU.ActiveCfg = Release|Any CPU
		{9FC69452-5DD8-45CE-B858-804F467F21F7}.Release|Any CPU.Build.0 = Release|Any CPU
		{A5669CF1-E3B4-45E5-9C59-8BA97BFAD144}.Debug|Any CPU.ActiveCfg = Debug|Any CPU
		{A5669CF1-E3B4-45E5-9C59-8BA97BFAD144}.Debug|Any CPU.Build.0 = Debug|Any CPU
		{A5669CF1-E3B4-45E5-9C59-8BA97BFAD144}.Release|Any CPU.ActiveCfg = Release|Any CPU
		{A5669CF1-E3B4-45E5-9C59-8BA97BFAD144}.Release|Any CPU.Build.0 = Release|Any CPU
	EndGlobalSection
	GlobalSection(SolutionProperties) = preSolution
		HideSolutionNode = FALSE
	EndGlobalSection
	GlobalSection(ExtensibilityGlobals) = postSolution
		SolutionGuid = {FA634824-3596-4B88-9F04-807011BCF44E}
	EndGlobalSection
EndGlobal
